PATH
  remote: .
  specs:
    multi_xml (0.0.1)

GEM
  remote: http://rubygems.org/
  specs:
    diff-lcs (1.1.2)
    hpricot (0.8.2)
    libxml-ruby (1.1.4)
    nokogiri (1.4.3.1)
    rake (0.8.7)
    rspec (2.0.0)
      rspec-core (= 2.0.0)
      rspec-expectations (= 2.0.0)
      rspec-mocks (= 2.0.0)
    rspec-core (2.0.0)
    rspec-expectations (2.0.0)
      diff-lcs (>= 1.1.2)
    rspec-mocks (2.0.0)
      rspec-core (= 2.0.0)
      rspec-expectations (= 2.0.0)

PLATFORMS
  ruby

DEPENDENCIES
  bundler (~> 1.0)
  hpricot (~> 0.8)
  libxml-ruby (~> 1.1)
  multi_xml!
  nokogiri (~> 1.4)
  rake (~> 0.8)
  rspec (~> 2.0)
